
Microsoft Visual Studio Solution File, Format Version 12.00
# Visual Studio Version 17
VisualStudioVersion = 17.8.34330.188
MinimumVisualStudioVersion = 10.0.40219.1
Project("{FAE04EC0-301F-11D3-BF4B-00C04F79EFBC}") = "proyectoFinal-Escritorio", "proyectoFinal-Escritorio\proyectoFinal-Escritorio.csproj", "{E1918981-599A-4173-8CF7-4B267780A039}"
EndProject
Global
	GlobalSection(SolutionConfigurationPlatforms) = preSolution
		Debug|Any CPU = Debug|Any CPU
		Release|Any CPU = Release|Any CPU
	EndGlobalSection
	GlobalSection(ProjectConfigurationPlatforms) = postSolution
		{E1918981-599A-4173-8CF7-4B267780A039}.Debug|Any CPU.ActiveCfg = Debug|Any CPU
		{E1918981-599A-4173-8CF7-4B267780A039}.Debug|Any CPU.Build.0 = Debug|Any CPU
		{E1918981-599A-4173-8CF7-4B267780A039}.Release|Any CPU.ActiveCfg = Release|Any CPU
		{E1918981-599A-4173-8CF7-4B267780A039}.Release|Any CPU.Build.0 = Release|Any CPU
	EndGlobalSection
	GlobalSection(SolutionProperties) = preSolution
		HideSolutionNode = FALSE
	EndGlobalSection
	GlobalSection(ExtensibilityGlobals) = postSolution
		SolutionGuid = {AA1461F1-0531-4974-B322-59C297108DFF}
	EndGlobalSection
EndGlobal
